// !$*UTF8*$!
{
	archiveVersion = 1;
	classes = {
	};
	objectVersion = 56;
	objects = {

/* Begin PBXBuildFile section */
		EF18CA772B81D27400129950 /* AppDelegate.swift in Sources */ = {isa = PBXBuildFile; fileRef = EF18CA762B81D27400129950 /* AppDelegate.swift */; };
		EF18CA792B81D27400129950 /* SceneDelegate.swift in Sources */ = {isa = PBXBuildFile; fileRef = EF18CA782B81D27400129950 /* SceneDelegate.swift */; };
		EF18CA7B2B81D27400129950 /* ViewController.swift in Sources */ = {isa = PBXBuildFile; fileRef = EF18CA7A2B81D27400129950 /* ViewController.swift */; };
		EF18CA7E2B81D27400129950 /* Main.storyboard in Resources */ = {isa = PBXBuildFile; fileRef = EF18CA7C2B81D27400129950 /* Main.storyboard */; };
		EF18CA802B81D27500129950 /* Assets.xcassets in Resources */ = {isa = PBXBuildFile; fileRef = EF18CA7F2B81D27500129950 /* Assets.xcassets */; };
		EF18CA832B81D27500129950 /* LaunchScreen.storyboard in Resources */ = {isa = PBXBuildFile; fileRef = EF18CA812B81D27500129950 /* LaunchScreen.storyboard */; };
		EF78578D2B82019E00221E77 /* PathwayGothicOne-Regular.ttf in Resources */ = {isa = PBXBuildFile; fileRef = EF78578C2B8200C000221E77 /* PathwayGothicOne-Regular.ttf */; };
		EF7857962B82213600221E77 /* GaugeView.swift in Sources */ = {isa = PBXBuildFile; fileRef = EF7857952B82213600221E77 /* GaugeView.swift */; };
		EF7857982B8245CA00221E77 /* Petrona-Light.ttf in Resources */ = {isa = PBXBuildFile; fileRef = EF7857972B8245B100221E77 /* Petrona-Light.ttf */; };
/* End PBXBuildFile section */

/* Begin PBXFileReference section */
		EF18CA732B81D27400129950 /* SpeedTestProject.app */ = {isa = PBXFileReference; explicitFileType = wrapper.application; includeInIndex = 0; path = SpeedTestProject.app; sourceTree = BUILT_PRODUCTS_DIR; };
		EF18CA762B81D27400129950 /* AppDelegate.swift */ = {isa = PBXFileReference; lastKnownFileType = sourcecode.swift; path = AppDelegate.swift; sourceTree = "<group>"; };
		EF18CA782B81D27400129950 /* SceneDelegate.swift */ = {isa = PBXFileReference; lastKnownFileType = sourcecode.swift; path = SceneDelegate.swift; sourceTree = "<group>"; };
		EF18CA7A2B81D27400129950 /* ViewController.swift */ = {isa = PBXFileReference; lastKnownFileType = sourcecode.swift; path = ViewController.swift; sourceTree = "<group>"; };
		EF18CA7D2B81D27400129950 /* Base */ = {isa = PBXFileReference; lastKnownFileType = file.storyboard; name = Base; path = Base.lproj/Main.storyboard; sourceTree = "<group>"; };
		EF18CA7F2B81D27500129950 /* Assets.xcassets */ = {isa = PBXFileReference; lastKnownFileType = folder.assetcatalog; path = Assets.xcassets; sourceTree = "<group>"; };
		EF18CA822B81D27500129950 /* Base */ = {isa = PBXFileReference; lastKnownFileType = file.storyboard; name = Base; path = Base.lproj/LaunchScreen.storyboard; sourceTree = "<group>"; };
		EF18CA842B81D27500129950 /* Info.plist */ = {isa = PBXFileReference; lastKnownFileType = text.plist.xml; path = Info.plist; sourceTree = "<group>"; };
		EF78578C2B8200C000221E77 /* PathwayGothicOne-Regular.ttf */ = {isa = PBXFileReference; lastKnownFileType = file; name = "PathwayGothicOne-Regular.ttf"; path = "../../../Downloads/Pathway_Gothic_One,Petrona/Pathway_Gothic_One/PathwayGothicOne-Regular.ttf"; sourceTree = "<group>"; };
		EF7857952B82213600221E77 /* GaugeView.swift */ = {isa = PBXFileReference; lastKnownFileType = sourcecode.swift; path = GaugeView.swift; sourceTree = "<group>"; };
		EF7857972B8245B100221E77 /* Petrona-Light.ttf */ = {isa = PBXFileReference; lastKnownFileType = file; name = "Petrona-Light.ttf"; path = "../../../Downloads/Pathway_Gothic_One,Petrona/Petrona/static/Petrona-Light.ttf"; sourceTree = "<group>"; };
/* End PBXFileReference section */

/* Begin PBXFrameworksBuildPhase section */
		EF18CA702B81D27400129950 /* Frameworks */ = {
			isa = PBXFrameworksBuildPhase;
			buildActionMask = 2147483647;
			files = (
			);
			runOnlyForDeploymentPostprocessing = 0;
		};
/* End PBXFrameworksBuildPhase section */

/* Begin PBXGroup section */
		EF18CA6A2B81D27400129950 = {
			isa = PBXGroup;
			children = (
				EF18CA752B81D27400129950 /* SpeedTestProject */,
				EF18CA742B81D27400129950 /* Products */,
			);
			sourceTree = "<group>";
		};
		EF18CA742B81D27400129950 /* Products */ = {
			isa = PBXGroup;
			children = (
				EF18CA732B81D27400129950 /* SpeedTestProject.app */,
			);
			name = Products;
			sourceTree = "<group>";
		};
		EF18CA752B81D27400129950 /* SpeedTestProject */ = {
			isa = PBXGroup;
			children = (
				EF18CA762B81D27400129950 /* AppDelegate.swift */,
				EF18CA782B81D27400129950 /* SceneDelegate.swift */,
				EF18CA7A2B81D27400129950 /* ViewController.swift */,
				EF7857952B82213600221E77 /* GaugeView.swift */,
				EF18CA7C2B81D27400129950 /* Main.storyboard */,
				EF18CA812B81D27500129950 /* LaunchScreen.storyboard */,
				EF18CA7F2B81D27500129950 /* Assets.xcassets */,
				EF18CA842B81D27500129950 /* Info.plist */,
				EF78578C2B8200C000221E77 /* PathwayGothicOne-Regular.ttf */,
				EF7857972B8245B100221E77 /* Petrona-Light.ttf */,
			);
			path = SpeedTestProject;
			sourceTree = "<group>";
		};
/* End PBXGroup section */

/* Begin PBXNativeTarget section */
		EF18CA722B81D27400129950 /* SpeedTestProject */ = {
			isa = PBXNativeTarget;
			buildConfigurationList = EF18CA872B81D27500129950 /* Build configuration list for PBXNativeTarget "SpeedTestProject" */;
			buildPhases = (
				EF18CA6F2B81D27400129950 /* Sources */,
				EF18CA702B81D27400129950 /* Frameworks */,
				EF18CA712B81D27400129950 /* Resources */,
			);
			buildRules = (
			);
			dependencies = (
			);
			name = SpeedTestProject;
			packageProductDependencies = (
			);
			productName = SpeedTestProject;
			productReference = EF18CA732B81D27400129950 /* SpeedTestProject.app */;
			productType = "com.apple.product-type.application";
		};
/* End PBXNativeTarget section */

/* Begin PBXProject section */
		EF18CA6B2B81D27400129950 /* Project object */ = {
			isa = PBXProject;
			attributes = {
				BuildIndependentTargetsInParallel = 1;
				LastSwiftUpdateCheck = 1520;
				LastUpgradeCheck = 1520;
				TargetAttributes = {
					EF18CA722B81D27400129950 = {
						CreatedOnToolsVersion = 15.2;
					};
				};
			};
			buildConfigurationList = EF18CA6E2B81D27400129950 /* Build configuration list for PBXProject "SpeedTestProject" */;
			compatibilityVersion = "Xcode 14.0";
			developmentRegion = en;
			hasScannedForEncodings = 0;
			knownRegions = (
				en,
				Base,
			);
			mainGroup = EF18CA6A2B81D27400129950;
			packageReferences = (
			);
			productRefGroup = EF18CA742B81D27400129950 /* Products */;
			projectDirPath = "";
			projectRoot = "";
			targets = (
				EF18CA722B81D27400129950 /* SpeedTestProject */,
			);
		};
/* End PBXProject section */

/* Begin PBXResourcesBuildPhase section */
		EF18CA712B81D27400129950 /* Resources */ = {
			isa = PBXResourcesBuildPhase;
			buildActionMask = 2147483647;
			files = (
				EF18CA832B81D27500129950 /* LaunchScreen.storyboard in Resources */,
				EF18CA802B81D27500129950 /* Assets.xcassets in Resources */,
				EF7857982B8245CA00221E77 /* Petrona-Light.ttf in Resources */,
				EF78578D2B82019E00221E77 /* PathwayGothicOne-Regular.ttf in Resources */,
				EF18CA7E2B81D27400129950 /* Main.storyboard in Resources */,
			);
			runOnlyForDeploymentPostprocessing = 0;
		};
/* End PBXResourcesBuildPhase section */

/* Begin PBXSourcesBuildPhase section */
		EF18CA6F2B81D27400129950 /* Sources */ = {
			isa = PBXSourcesBuildPhase;
			buildActionMask = 2147483647;
			files = (
				EF18CA7B2B81D27400129950 /* ViewController.swift in Sources */,
				EF18CA772B81D27400129950 /* AppDelegate.swift in Sources */,
				EF7857962B82213600221E77 /* GaugeView.swift in Sources */,
				EF18CA792B81D27400129950 /* SceneDelegate.swift in Sources */,
			);
			runOnlyForDeploymentPostprocessing = 0;
		};
/* End PBXSourcesBuildPhase section */

/* Begin PBXVariantGroup section */
		EF18CA7C2B81D27400129950 /* Main.storyboard */ = {
			isa = PBXVariantGroup;
			children = (
				EF18CA7D2B81D27400129950 /* Base */,
			);
			name = Main.storyboard;
			sourceTree = "<group>";
		};
		EF18CA812B81D27500129950 /* LaunchScreen.storyboard */ = {
			isa = PBXVariantGroup;
			children = (
				EF18CA822B81D27500129950 /* Base */,
			);
			name = LaunchScreen.storyboard;
			sourceTree = "<group>";
		};
/* End PBXVariantGroup section */

/* Begin XCBuildConfiguration section */
		EF18CA852B81D27500129950 /* Debug */ = {
			isa = XCBuildConfiguration;
			buildSettings = {
				ALWAYS_SEARCH_USER_PATHS = NO;
				ASSETCATALOG_COMPILER_GENERATE_SWIFT_ASSET_SYMBOL_EXTENSIONS = YES;
				CLANG_ANALYZER_NONNULL = YES;
				CLANG_ANALYZER_NUMBER_OBJECT_CONVERSION = YES_AGGRESSIVE;
				CLANG_CXX_LANGUAGE_STANDARD = "gnu++20";
				CLANG_ENABLE_MODULES = YES;
				CLANG_ENABLE_OBJC_ARC = YES;
				CLANG_ENABLE_OBJC_WEAK = YES;
				CLANG_WARN_BLOCK_CAPTURE_AUTORELEASING = YES;
				CLANG_WARN_BOOL_CONVERSION = YES;
				CLANG_WARN_COMMA = YES;
				CLANG_WARN_CONSTANT_CONVERSION = YES;
				CLANG_WARN_DEPRECATED_OBJC_IMPLEMENTATIONS = YES;
				CLANG_WARN_DIRECT_OBJC_ISA_USAGE = YES_ERROR;
				CLANG_WARN_DOCUMENTATION_COMMENTS = YES;
				CLANG_WARN_EMPTY_BODY = YES;
				CLANG_WARN_ENUM_CONVERSION = YES;
				CLANG_WARN_INFINITE_RECURSION = YES;
				CLANG_WARN_INT_CONVERSION = YES;
				CLANG_WARN_NON_LITERAL_NULL_CONVERSION = YES;
				CLANG_WARN_OBJC_IMPLICIT_RETAIN_SELF = YES;
				CLANG_WARN_OBJC_LITERAL_CONVERSION = YES;
				CLANG_WARN_OBJC_ROOT_CLASS = YES_ERROR;
				CLANG_WARN_QUOTED_INCLUDE_IN_FRAMEWORK_HEADER = YES;
				CLANG_WARN_RANGE_LOOP_ANALYSIS = YES;
				CLANG_WARN_STRICT_PROTOTYPES = YES;
				CLANG_WARN_SUSPICIOUS_MOVE = YES;
				CLANG_WARN_UNGUARDED_AVAILABILITY = YES_AGGRESSIVE;
				CLANG_WARN_UNREACHABLE_CODE = YES;
				CLANG_WARN__DUPLICATE_METHOD_MATCH = YES;
				COPY_PHASE_STRIP = NO;
				DEBUG_INFORMATION_FORMAT = dwarf;
				ENABLE_STRICT_OBJC_MSGSEND = YES;
				ENABLE_TESTABILITY = YES;
				ENABLE_USER_SCRIPT_SANDBOXING = YES;
				GCC_C_LANGUAGE_STANDARD = gnu17;
				GCC_DYNAMIC_NO_PIC = NO;
				GCC_NO_COMMON_BLOCKS = YES;
				GCC_OPTIMIZATION_LEVEL = 0;
				GCC_PREPROCESSOR_DEFINITIONS = (
					"DEBUG=1",
					"$(inherited)",
				);
				GCC_WARN_64_TO_32_BIT_CONVERSION = YES;
				GCC_WARN_ABOUT_RETURN_TYPE = YES_ERROR;
				GCC_WARN_UNDECLARED_SELECTOR = YES;
				GCC_WARN_UNINITIALIZED_AUTOS = YES_AGGRESSIVE;
				GCC_WARN_UNUSED_FUNCTION = YES;
				GCC_WARN_UNUSED_VARIABLE = YES;
				IPHONEOS_DEPLOYMENT_TARGET = 17.2;
				LOCALIZATION_PREFERS_STRING_CATALOGS = YES;
				MTL_ENABLE_DEBUG_INFO = INCLUDE_SOURCE;
				MTL_FAST_MATH = YES;
				ONLY_ACTIVE_ARCH = YES;
				SDKROOT = iphoneos;
				SWIFT_ACTIVE_COMPILATION_CONDITIONS = "DEBUG $(inherited)";
				SWIFT_OPTIMIZATION_LEVEL = "-Onone";
			};
			name = Debug;
		};
		EF18CA862B81D27500129950 /* Release */ = {
			isa = XCBuildConfiguration;
			buildSettings = {
				ALWAYS_SEARCH_USER_PATHS = NO;
				ASSETCATALOG_COMPILER_GENERATE_SWIFT_ASSET_SYMBOL_EXTENSIONS = YES;
				CLANG_ANALYZER_NONNULL = YES;
				CLANG_ANALYZER_NUMBER_OBJECT_CONVERSION = YES_AGGRESSIVE;
				CLANG_CXX_LANGUAGE_STANDARD = "gnu++20";
				CLANG_ENABLE_MODULES = YES;
				CLANG_ENABLE_OBJC_ARC = YES;
				CLANG_ENABLE_OBJC_WEAK = YES;
				CLANG_WARN_BLOCK_CAPTURE_AUTORELEASING = YES;
				CLANG_WARN_BOOL_CONVERSION = YES;
				CLANG_WARN_COMMA = YES;
				CLANG_WARN_CONSTANT_CONVERSION = YES;
				CLANG_WARN_DEPRECATED_OBJC_IMPLEMENTATIONS = YES;
				CLANG_WARN_DIRECT_OBJC_ISA_USAGE = YES_ERROR;
				CLANG_WARN_DOCUMENTATION_COMMENTS = YES;
				CLANG_WARN_EMPTY_BODY = YES;
				CLANG_WARN_ENUM_CONVERSION = YES;
				CLANG_WARN_INFINITE_RECURSION = YES;
				CLANG_WARN_INT_CONVERSION = YES;
				CLANG_WARN_NON_LITERAL_NULL_CONVERSION = YES;
				CLANG_WARN_OBJC_IMPLICIT_RETAIN_SELF = YES;
				CLANG_WARN_OBJC_LITERAL_CONVERSION = YES;
				CLANG_WARN_OBJC_ROOT_CLASS = YES_ERROR;
				CLANG_WARN_QUOTED_INCLUDE_IN_FRAMEWORK_HEADER = YES;
				CLANG_WARN_RANGE_LOOP_ANALYSIS = YES;
				CLANG_WARN_STRICT_PROTOTYPES = YES;
				CLANG_WARN_SUSPICIOUS_MOVE = YES;
				CLANG_WARN_UNGUARDED_AVAILABILITY = YES_AGGRESSIVE;
				CLANG_WARN_UNREACHABLE_CODE = YES;
				CLANG_WARN__DUPLICATE_METHOD_MATCH = YES;
				COPY_PHASE_STRIP = NO;
				DEBUG_INFORMATION_FORMAT = "dwarf-with-dsym";
				ENABLE_NS_ASSERTIONS = NO;
				ENABLE_STRICT_OBJC_MSGSEND = YES;
				ENABLE_USER_SCRIPT_SANDBOXING = YES;
				GCC_C_LANGUAGE_STANDARD = gnu17;
				GCC_NO_COMMON_BLOCKS = YES;
				GCC_WARN_64_TO_32_BIT_CONVERSION = YES;
				GCC_WARN_ABOUT_RETURN_TYPE = YES_ERROR;
				GCC_WARN_UNDECLARED_SELECTOR = YES;
				GCC_WARN_UNINITIALIZED_AUTOS = YES_AGGRESSIVE;
				GCC_WARN_UNUSED_FUNCTION = YES;
				GCC_WARN_UNUSED_VARIABLE = YES;
				IPHONEOS_DEPLOYMENT_TARGET = 17.2;
				LOCALIZATION_PREFERS_STRING_CATALOGS = YES;
				MTL_ENABLE_DEBUG_INFO = NO;
				MTL_FAST_MATH = YES;
				SDKROOT = iphoneos;
				SWIFT_COMPILATION_MODE = wholemodule;
				VALIDATE_PRODUCT = YES;
			};
			name = Release;
		};
		EF18CA882B81D27500129950 /* Debug */ = {
			isa = XCBuildConfiguration;
			buildSettings = {
				ASSETCATALOG_COMPILER_APPICON_NAME = AppIcon;
				ASSETCATALOG_COMPILER_GLOBAL_ACCENT_COLOR_NAME = AccentColor;
				CODE_SIGN_STYLE = Automatic;
				CURRENT_PROJECT_VERSION = 1;
				DEVELOPMENT_TEAM = 32ZD46836U;
				GENERATE_INFOPLIST_FILE = YES;
				INFOPLIST_FILE = SpeedTestProject/Info.plist;
				INFOPLIST_KEY_UIApplicationSupportsIndirectInputEvents = YES;
				INFOPLIST_KEY_UILaunchStoryboardName = LaunchScreen;
				INFOPLIST_KEY_UIMainStoryboardFile = Main;
				INFOPLIST_KEY_UISupportedInterfaceOrientations = UIInterfaceOrientationPortrait;
				INFOPLIST_KEY_UISupportedInterfaceOrientations_iPad = "UIInterfaceOrientationLandscapeLeft UIInterfaceOrientationLandscapeRight UIInterfaceOrientationPortrait UIInterfaceOrientationPortraitUpsideDown";
				IPHONEOS_DEPLOYMENT_TARGET = 15.0;
				LD_RUNPATH_SEARCH_PATHS = (
					"$(inherited)",
					"@executable_path/Frameworks",
				);
				MARKETING_VERSION = 1.0;
				PRODUCT_BUNDLE_IDENTIFIER = ru.dablgee.SpeedTestProject;
				PRODUCT_NAME = "$(TARGET_NAME)";
				SUPPORTED_PLATFORMS = "iphoneos iphonesimulator";
				SUPPORTS_MACCATALYST = NO;
				SUPPORTS_MAC_DESIGNED_FOR_IPHONE_IPAD = NO;
				SUPPORTS_XR_DESIGNED_FOR_IPHONE_IPAD = NO;
				SWIFT_EMIT_LOC_STRINGS = YES;
				SWIFT_VERSION = 5.0;
				TARGETED_DEVICE_FAMILY = 1;
			};
			name = Debug;
		};
		EF18CA892B81D27500129950 /* Release */ = {
			isa = XCBuildConfiguration;
			buildSettings = {
				ASSETCATALOG_COMPILER_APPICON_NAME = AppIcon;
				ASSETCATALOG_COMPILER_GLOBAL_ACCENT_COLOR_NAME = AccentColor;
				CODE_SIGN_STYLE = Automatic;
				CURRENT_PROJECT_VERSION = 1;
				DEVELOPMENT_TEAM = 32ZD46836U;
				GENERATE_INFOPLIST_FILE = YES;
				INFOPLIST_FILE = SpeedTestProject/Info.plist;
				INFOPLIST_KEY_UIApplicationSupportsIndirectInputEvents = YES;
				INFOPLIST_KEY_UILaunchStoryboardName = LaunchScreen;
				INFOPLIST_KEY_UIMainStoryboardFile = Main;
				INFOPLIST_KEY_UISupportedInterfaceOrientations = UIInterfaceOrientationPortrait;
				INFOPLIST_KEY_UISupportedInterfaceOrientations_iPad = "UIInterfaceOrientationLandscapeLeft UIInterfaceOrientationLandscapeRight UIInterfaceOrientationPortrait UIInterfaceOrientationPortraitUpsideDown";
				IPHONEOS_DEPLOYMENT_TARGET = 15.0;
				LD_RUNPATH_SEARCH_PATHS = (
					"$(inherited)",
					"@executable_path/Frameworks",
				);
				MARKETING_VERSION = 1.0;
				PRODUCT_BUNDLE_IDENTIFIER = ru.dablgee.SpeedTestProject;
				PRODUCT_NAME = "$(TARGET_NAME)";
				SUPPORTED_PLATFORMS = "iphoneos iphonesimulator";
				SUPPORTS_MACCATALYST = NO;
				SUPPORTS_MAC_DESIGNED_FOR_IPHONE_IPAD = NO;
				SUPPORTS_XR_DESIGNED_FOR_IPHONE_IPAD = NO;
				SWIFT_EMIT_LOC_STRINGS = YES;
				SWIFT_VERSION = 5.0;
				TARGETED_DEVICE_FAMILY = 1;
			};
			name = Release;
		};
/* End XCBuildConfiguration section */

/* Begin XCConfigurationList section */
		EF18CA6E2B81D27400129950 /* Build configuration list for PBXProject "SpeedTestProject" */ = {
			isa = XCConfigurationList;
			buildConfigurations = (
				EF18CA852B81D27500129950 /* Debug */,
				EF18CA862B81D27500129950 /* Release */,
			);
			defaultConfigurationIsVisible = 0;
			defaultConfigurationName = Release;
		};
		EF18CA872B81D27500129950 /* Build configuration list for PBXNativeTarget "SpeedTestProject" */ = {
			isa = XCConfigurationList;
			buildConfigurations = (
				EF18CA882B81D27500129950 /* Debug */,
				EF18CA892B81D27500129950 /* Release */,
			);
			defaultConfigurationIsVisible = 0;
			defaultConfigurationName = Release;
		};
/* End XCConfigurationList section */
	};
	rootObject = EF18CA6B2B81D27400129950 /* Project object */;
}
